
Microsoft Visual Studio Solution File, Format Version 12.00
# Visual Studio Version 17
VisualStudioVersion = 17.14.36121.58
MinimumVisualStudioVersion = 10.0.40219.1
Project("{2150E333-8FDC-42A3-9474-1A3956D46DE8}") = "Presentation", "Presentation", "{02EA681E-C7D8-13C7-8484-4AC65E1B71E8}"
EndProject
Project("{2150E333-8FDC-42A3-9474-1A3956D46DE8}") = "Application", "Application", "{63AD85F3-7BA9-4BA6-9267-43DA348BAD3F}"
EndProject
Project("{2150E333-8FDC-42A3-9474-1A3956D46DE8}") = "Infraestructure", "Infraestructure", "{A7BA4C87-DEA4-45A1-8E1B-3C62480A294F}"
EndProject
Project("{2150E333-8FDC-42A3-9474-1A3956D46DE8}") = "IOC", "IOC", "{F75D0FD4-932B-49A3-A386-21CF398BF038}"
EndProject
Project("{2150E333-8FDC-42A3-9474-1A3956D46DE8}") = "Test", "Test", "{F26520F2-B2ED-40A2-909E-ADB33A6CDB52}"
EndProject
Project("{2150E333-8FDC-42A3-9474-1A3956D46DE8}") = "Web", "Web", "{050DFB9F-FF7C-4FCB-A720-D9C5A17A4DFF}"
EndProject
Project("{2150E333-8FDC-42A3-9474-1A3956D46DE8}") = "Core", "Core", "{BC792919-2456-4D4E-9475-567B87FDCCDE}"
EndProject
Project("{2150E333-8FDC-42A3-9474-1A3956D46DE8}") = "API", "API", "{43DB9C32-5267-4D1F-ADF8-6CC7F21C41A8}"
EndProject
Project("{FAE04EC0-301F-11D3-BF4B-00C04F79EFBC}") = "SGHR.Application", "SGHR.Application\SGHR.Application.csproj", "{80F50935-36FA-484B-96E9-CC502089E589}"
EndProject
Project("{FAE04EC0-301F-11D3-BF4B-00C04F79EFBC}") = "SGHR.Domain", "SGHR.Domain\SGHR.Domain.csproj", "{521B54C5-7AD5-45C7-B5E5-E90CA1EB8CB3}"
EndProject
Project("{FAE04EC0-301F-11D3-BF4B-00C04F79EFBC}") = "SGHR.Web", "SGHR.Web\SGHR.Web.csproj", "{0974AC46-14FD-45D7-8CC3-A5C9BA9CB2EE}"
EndProject
Project("{FAE04EC0-301F-11D3-BF4B-00C04F79EFBC}") = "SGHR.Persistence", "SGHR.Persistence\SGHR.Persistence.csproj", "{B1645799-89A9-4345-9644-31C9DB1A6744}"
EndProject
Project("{FAE04EC0-301F-11D3-BF4B-00C04F79EFBC}") = "SGHR.Infraestructure", "SGHR.Infraestructure\SGHR.Infraestructure.csproj", "{E5CD1644-099C-4267-BE20-933F0B76E815}"
EndProject
Project("{FAE04EC0-301F-11D3-BF4B-00C04F79EFBC}") = "SGHR.WebApp.Api", "SGHR.WebApp.Api\SGHR.WebApp.Api.csproj", "{5E41CA4B-E967-4228-A464-FD3CC8338296}"
EndProject
Project("{FAE04EC0-301F-11D3-BF4B-00C04F79EFBC}") = "SGHR.Model", "SGHR.Model\SGHR.Model.csproj", "{6B71DA3A-25A7-45E7-B12D-40892423ABCD}"
EndProject
Project("{FAE04EC0-301F-11D3-BF4B-00C04F79EFBC}") = "SGHR.IOC", "SGHR.IOC\SGHR.IOC.csproj", "{A3A10976-1AE3-4D3D-A382-BC221217A202}"
EndProject
Project("{FAE04EC0-301F-11D3-BF4B-00C04F79EFBC}") = "SGHR.Persistence.Test", "SGHR.Persistence.Test\SGHR.Persistence.Test.csproj", "{BC3F0EB1-3F33-4F51-BC1A-311445AE5F4D}"
EndProject
Project("{FAE04EC0-301F-11D3-BF4B-00C04F79EFBC}") = "SGHR.Application.Test", "SGHR.Application.Test\SGHR.Application.Test.csproj", "{8A41B10A-3313-4B22-8C2D-9229DAEEE1C4}"
EndProject
Global
	GlobalSection(SolutionConfigurationPlatforms) = preSolution
		Debug|Any CPU = Debug|Any CPU
		Release|Any CPU = Release|Any CPU
	EndGlobalSection
	GlobalSection(ProjectConfigurationPlatforms) = postSolution
		{80F50935-36FA-484B-96E9-CC502089E589}.Debug|Any CPU.ActiveCfg = Debug|Any CPU
		{80F50935-36FA-484B-96E9-CC502089E589}.Debug|Any CPU.Build.0 = Debug|Any CPU
		{80F50935-36FA-484B-96E9-CC502089E589}.Release|Any CPU.ActiveCfg = Release|Any CPU
		{80F50935-36FA-484B-96E9-CC502089E589}.Release|Any CPU.Build.0 = Release|Any CPU
		{521B54C5-7AD5-45C7-B5E5-E90CA1EB8CB3}.Debug|Any CPU.ActiveCfg = Debug|Any CPU
		{521B54C5-7AD5-45C7-B5E5-E90CA1EB8CB3}.Debug|Any CPU.Build.0 = Debug|Any CPU
		{521B54C5-7AD5-45C7-B5E5-E90CA1EB8CB3}.Release|Any CPU.ActiveCfg = Release|Any CPU
		{521B54C5-7AD5-45C7-B5E5-E90CA1EB8CB3}.Release|Any CPU.Build.0 = Release|Any CPU
		{0974AC46-14FD-45D7-8CC3-A5C9BA9CB2EE}.Debug|Any CPU.ActiveCfg = Debug|Any CPU
		{0974AC46-14FD-45D7-8CC3-A5C9BA9CB2EE}.Debug|Any CPU.Build.0 = Debug|Any CPU
		{0974AC46-14FD-45D7-8CC3-A5C9BA9CB2EE}.Release|Any CPU.ActiveCfg = Release|Any CPU
		{0974AC46-14FD-45D7-8CC3-A5C9BA9CB2EE}.Release|Any CPU.Build.0 = Release|Any CPU
		{B1645799-89A9-4345-9644-31C9DB1A6744}.Debug|Any CPU.ActiveCfg = Debug|Any CPU
		{B1645799-89A9-4345-9644-31C9DB1A6744}.Debug|Any CPU.Build.0 = Debug|Any CPU
		{B1645799-89A9-4345-9644-31C9DB1A6744}.Release|Any CPU.ActiveCfg = Release|Any CPU
		{B1645799-89A9-4345-9644-31C9DB1A6744}.Release|Any CPU.Build.0 = Release|Any CPU
		{E5CD1644-099C-4267-BE20-933F0B76E815}.Debug|Any CPU.ActiveCfg = Debug|Any CPU
		{E5CD1644-099C-4267-BE20-933F0B76E815}.Debug|Any CPU.Build.0 = Debug|Any CPU
		{E5CD1644-099C-4267-BE20-933F0B76E815}.Release|Any CPU.ActiveCfg = Release|Any CPU
		{E5CD1644-099C-4267-BE20-933F0B76E815}.Release|Any CPU.Build.0 = Release|Any CPU
		{5E41CA4B-E967-4228-A464-FD3CC8338296}.Debug|Any CPU.ActiveCfg = Debug|Any CPU
		{5E41CA4B-E967-4228-A464-FD3CC8338296}.Debug|Any CPU.Build.0 = Debug|Any CPU
		{5E41CA4B-E967-4228-A464-FD3CC8338296}.Release|Any CPU.ActiveCfg = Release|Any CPU
		{5E41CA4B-E967-4228-A464-FD3CC8338296}.Release|Any CPU.Build.0 = Release|Any CPU
		{6B71DA3A-25A7-45E7-B12D-40892423ABCD}.Debug|Any CPU.ActiveCfg = Debug|Any CPU
		{6B71DA3A-25A7-45E7-B12D-40892423ABCD}.Debug|Any CPU.Build.0 = Debug|Any CPU
		{6B71DA3A-25A7-45E7-B12D-40892423ABCD}.Release|Any CPU.ActiveCfg = Release|Any CPU
		{6B71DA3A-25A7-45E7-B12D-40892423ABCD}.Release|Any CPU.Build.0 = Release|Any CPU
		{A3A10976-1AE3-4D3D-A382-BC221217A202}.Debug|Any CPU.ActiveCfg = Debug|Any CPU
		{A3A10976-1AE3-4D3D-A382-BC221217A202}.Debug|Any CPU.Build.0 = Debug|Any CPU
		{A3A10976-1AE3-4D3D-A382-BC221217A202}.Release|Any CPU.ActiveCfg = Release|Any CPU
		{A3A10976-1AE3-4D3D-A382-BC221217A202}.Release|Any CPU.Build.0 = Release|Any CPU
		{BC3F0EB1-3F33-4F51-BC1A-311445AE5F4D}.Debug|Any CPU.ActiveCfg = Debug|Any CPU
		{BC3F0EB1-3F33-4F51-BC1A-311445AE5F4D}.Debug|Any CPU.Build.0 = Debug|Any CPU
		{BC3F0EB1-3F33-4F51-BC1A-311445AE5F4D}.Release|Any CPU.ActiveCfg = Release|Any CPU
		{BC3F0EB1-3F33-4F51-BC1A-311445AE5F4D}.Release|Any CPU.Build.0 = Release|Any CPU
		{8A41B10A-3313-4B22-8C2D-9229DAEEE1C4}.Debug|Any CPU.ActiveCfg = Debug|Any CPU
		{8A41B10A-3313-4B22-8C2D-9229DAEEE1C4}.Debug|Any CPU.Build.0 = Debug|Any CPU
		{8A41B10A-3313-4B22-8C2D-9229DAEEE1C4}.Release|Any CPU.ActiveCfg = Release|Any CPU
		{8A41B10A-3313-4B22-8C2D-9229DAEEE1C4}.Release|Any CPU.Build.0 = Release|Any CPU
	EndGlobalSection
	GlobalSection(SolutionProperties) = preSolution
		HideSolutionNode = FALSE
	EndGlobalSection
	GlobalSection(NestedProjects) = preSolution
		{80F50935-36FA-484B-96E9-CC502089E589} = {63AD85F3-7BA9-4BA6-9267-43DA348BAD3F}
		{521B54C5-7AD5-45C7-B5E5-E90CA1EB8CB3} = {BC792919-2456-4D4E-9475-567B87FDCCDE}
		{0974AC46-14FD-45D7-8CC3-A5C9BA9CB2EE} = {02EA681E-C7D8-13C7-8484-4AC65E1B71E8}
		{B1645799-89A9-4345-9644-31C9DB1A6744} = {A7BA4C87-DEA4-45A1-8E1B-3C62480A294F}
		{E5CD1644-099C-4267-BE20-933F0B76E815} = {A7BA4C87-DEA4-45A1-8E1B-3C62480A294F}
		{5E41CA4B-E967-4228-A464-FD3CC8338296} = {43DB9C32-5267-4D1F-ADF8-6CC7F21C41A8}
		{6B71DA3A-25A7-45E7-B12D-40892423ABCD} = {BC792919-2456-4D4E-9475-567B87FDCCDE}
		{A3A10976-1AE3-4D3D-A382-BC221217A202} = {F75D0FD4-932B-49A3-A386-21CF398BF038}
		{BC3F0EB1-3F33-4F51-BC1A-311445AE5F4D} = {F26520F2-B2ED-40A2-909E-ADB33A6CDB52}
		{8A41B10A-3313-4B22-8C2D-9229DAEEE1C4} = {F26520F2-B2ED-40A2-909E-ADB33A6CDB52}
	EndGlobalSection
	GlobalSection(ExtensibilityGlobals) = postSolution
		SolutionGuid = {B632AF36-4040-4851-8C60-D097E9FE6DB1}
	EndGlobalSection
EndGlobal
